// !$*UTF8*$!
{
	archiveVersion = 1;
	classes = {
	};
	objectVersion = 56;
	objects = {

/* Begin PBXBuildFile section */
		006C673C290AAEC900B499E5 /* MuneerahPApp.swift in Sources */ = {isa = PBXBuildFile; fileRef = 006C673B290AAEC900B499E5 /* MuneerahPApp.swift */; };
		006C673E290AAEC900B499E5 /* ContentView.swift in Sources */ = {isa = PBXBuildFile; fileRef = 006C673D290AAEC900B499E5 /* ContentView.swift */; };
		006C6740290AAEC900B499E5 /* Assets.xcassets in Resources */ = {isa = PBXBuildFile; fileRef = 006C673F290AAEC900B499E5 /* Assets.xcassets */; };
		006C6743290AAEC900B499E5 /* Preview Assets.xcassets in Resources */ = {isa = PBXBuildFile; fileRef = 006C6742290AAEC900B499E5 /* Preview Assets.xcassets */; };
		006C674D290AAECA00B499E5 /* MuneerahPTests.swift in Sources */ = {isa = PBXBuildFile; fileRef = 006C674C290AAECA00B499E5 /* MuneerahPTests.swift */; };
		006C6757290AAECA00B499E5 /* MuneerahPUITests.swift in Sources */ = {isa = PBXBuildFile; fileRef = 006C6756290AAECA00B499E5 /* MuneerahPUITests.swift */; };
		006C6759290AAECA00B499E5 /* MuneerahPUITestsLaunchTests.swift in Sources */ = {isa = PBXBuildFile; fileRef = 006C6758290AAECA00B499E5 /* MuneerahPUITestsLaunchTests.swift */; };
/* End PBXBuildFile section */

/* Begin PBXContainerItemProxy section */
		006C6749290AAECA00B499E5 /* PBXContainerItemProxy */ = {
			isa = PBXContainerItemProxy;
			containerPortal = 006C6730290AAEC900B499E5 /* Project object */;
			proxyType = 1;
			remoteGlobalIDString = 006C6737290AAEC900B499E5;
			remoteInfo = MuneerahP;
		};
		006C6753290AAECA00B499E5 /* PBXContainerItemProxy */ = {
			isa = PBXContainerItemProxy;
			containerPortal = 006C6730290AAEC900B499E5 /* Project object */;
			proxyType = 1;
			remoteGlobalIDString = 006C6737290AAEC900B499E5;
			remoteInfo = MuneerahP;
		};
/* End PBXContainerItemProxy section */

/* Begin PBXFileReference section */
		006C6738290AAEC900B499E5 /* MuneerahP.app */ = {isa = PBXFileReference; explicitFileType = wrapper.application; includeInIndex = 0; path = MuneerahP.app; sourceTree = BUILT_PRODUCTS_DIR; };
		006C673B290AAEC900B499E5 /* MuneerahPApp.swift */ = {isa = PBXFileReference; lastKnownFileType = sourcecode.swift; path = MuneerahPApp.swift; sourceTree = "<group>"; };
		006C673D290AAEC900B499E5 /* ContentView.swift */ = {isa = PBXFileReference; lastKnownFileType = sourcecode.swift; path = ContentView.swift; sourceTree = "<group>"; };
		006C673F290AAEC900B499E5 /* Assets.xcassets */ = {isa = PBXFileReference; lastKnownFileType = folder.assetcatalog; path = Assets.xcassets; sourceTree = "<group>"; };
		006C6742290AAEC900B499E5 /* Preview Assets.xcassets */ = {isa = PBXFileReference; lastKnownFileType = folder.assetcatalog; path = "Preview Assets.xcassets"; sourceTree = "<group>"; };
		006C6748290AAECA00B499E5 /* MuneerahPTests.xctest */ = {isa = PBXFileReference; explicitFileType = wrapper.cfbundle; includeInIndex = 0; path = MuneerahPTests.xctest; sourceTree = BUILT_PRODUCTS_DIR; };
		006C674C290AAECA00B499E5 /* MuneerahPTests.swift */ = {isa = PBXFileReference; lastKnownFileType = sourcecode.swift; path = MuneerahPTests.swift; sourceTree = "<group>"; };
		006C6752290AAECA00B499E5 /* MuneerahPUITests.xctest */ = {isa = PBXFileReference; explicitFileType = wrapper.cfbundle; includeInIndex = 0; path = MuneerahPUITests.xctest; sourceTree = BUILT_PRODUCTS_DIR; };
		006C6756290AAECA00B499E5 /* MuneerahPUITests.swift */ = {isa = PBXFileReference; lastKnownFileType = sourcecode.swift; path = MuneerahPUITests.swift; sourceTree = "<group>"; };
		006C6758290AAECA00B499E5 /* MuneerahPUITestsLaunchTests.swift */ = {isa = PBXFileReference; lastKnownFileType = sourcecode.swift; path = MuneerahPUITestsLaunchTests.swift; sourceTree = "<group>"; };
/* End PBXFileReference section */

/* Begin PBXFrameworksBuildPhase section */
		006C6735290AAEC900B499E5 /* Frameworks */ = {
			isa = PBXFrameworksBuildPhase;
			buildActionMask = 2147483647;
			files = (
			);
			runOnlyForDeploymentPostprocessing = 0;
		};
		006C6745290AAECA00B499E5 /* Frameworks */ = {
			isa = PBXFrameworksBuildPhase;
			buildActionMask = 2147483647;
			files = (
			);
			runOnlyForDeploymentPostprocessing = 0;
		};
		006C674F290AAECA00B499E5 /* Frameworks */ = {
			isa = PBXFrameworksBuildPhase;
			buildActionMask = 2147483647;
			files = (
			);
			runOnlyForDeploymentPostprocessing = 0;
		};
/* End PBXFrameworksBuildPhase section */

/* Begin PBXGroup section */
		006C672F290AAEC900B499E5 = {
			isa = PBXGroup;
			children = (
				006C673A290AAEC900B499E5 /* MuneerahP */,
				006C674B290AAECA00B499E5 /* MuneerahPTests */,
				006C6755290AAECA00B499E5 /* MuneerahPUITests */,
				006C6739290AAEC900B499E5 /* Products */,
			);
			sourceTree = "<group>";
		};
		006C6739290AAEC900B499E5 /* Products */ = {
			isa = PBXGroup;
			children = (
				006C6738290AAEC900B499E5 /* MuneerahP.app */,
				006C6748290AAECA00B499E5 /* MuneerahPTests.xctest */,
				006C6752290AAECA00B499E5 /* MuneerahPUITests.xctest */,
			);
			name = Products;
			sourceTree = "<group>";
		};
		006C673A290AAEC900B499E5 /* MuneerahP */ = {
			isa = PBXGroup;
			children = (
				006C673B290AAEC900B499E5 /* MuneerahPApp.swift */,
				006C673D290AAEC900B499E5 /* ContentView.swift */,
				006C673F290AAEC900B499E5 /* Assets.xcassets */,
				006C6741290AAEC900B499E5 /* Preview Content */,
			);
			path = MuneerahP;
			sourceTree = "<group>";
		};
		006C6741290AAEC900B499E5 /* Preview Content */ = {
			isa = PBXGroup;
			children = (
				006C6742290AAEC900B499E5 /* Preview Assets.xcassets */,
			);
			path = "Preview Content";
			sourceTree = "<group>";
		};
		006C674B290AAECA00B499E5 /* MuneerahPTests */ = {
			isa = PBXGroup;
			children = (
				006C674C290AAECA00B499E5 /* MuneerahPTests.swift */,
			);
			path = MuneerahPTests;
			sourceTree = "<group>";
		};
		006C6755290AAECA00B499E5 /* MuneerahPUITests */ = {
			isa = PBXGroup;
			children = (
				006C6756290AAECA00B499E5 /* MuneerahPUITests.swift */,
				006C6758290AAECA00B499E5 /* MuneerahPUITestsLaunchTests.swift */,
			);
			path = MuneerahPUITests;
			sourceTree = "<group>";
		};
/* End PBXGroup section */

/* Begin PBXNativeTarget section */
		006C6737290AAEC900B499E5 /* MuneerahP */ = {
			isa = PBXNativeTarget;
			buildConfigurationList = 006C675C290AAECA00B499E5 /* Build configuration list for PBXNativeTarget "MuneerahP" */;
			buildPhases = (
				006C6734290AAEC900B499E5 /* Sources */,
				006C6735290AAEC900B499E5 /* Frameworks */,
				006C6736290AAEC900B499E5 /* Resources */,
			);
			buildRules = (
			);
			dependencies = (
			);
			name = MuneerahP;
			productName = MuneerahP;
			productReference = 006C6738290AAEC900B499E5 /* MuneerahP.app */;
			productType = "com.apple.product-type.application";
		};
		006C6747290AAECA00B499E5 /* MuneerahPTests */ = {
			isa = PBXNativeTarget;
			buildConfigurationList = 006C675F290AAECA00B499E5 /* Build configuration list for PBXNativeTarget "MuneerahPTests" */;
			buildPhases = (
				006C6744290AAECA00B499E5 /* Sources */,
				006C6745290AAECA00B499E5 /* Frameworks */,
				006C6746290AAECA00B499E5 /* Resources */,
			);
			buildRules = (
			);
			dependencies = (
				006C674A290AAECA00B499E5 /* PBXTargetDependency */,
			);
			name = MuneerahPTests;
			productName = MuneerahPTests;
			productReference = 006C6748290AAECA00B499E5 /* MuneerahPTests.xctest */;
			productType = "com.apple.product-type.bundle.unit-test";
		};
		006C6751290AAECA00B499E5 /* MuneerahPUITests */ = {
			isa = PBXNativeTarget;
			buildConfigurationList = 006C6762290AAECA00B499E5 /* Build configuration list for PBXNativeTarget "MuneerahPUITests" */;
			buildPhases = (
				006C674E290AAECA00B499E5 /* Sources */,
				006C674F290AAECA00B499E5 /* Frameworks */,
				006C6750290AAECA00B499E5 /* Resources */,
			);
			buildRules = (
			);
			dependencies = (
				006C6754290AAECA00B499E5 /* PBXTargetDependency */,
			);
			name = MuneerahPUITests;
			productName = MuneerahPUITests;
			productReference = 006C6752290AAECA00B499E5 /* MuneerahPUITests.xctest */;
			productType = "com.apple.product-type.bundle.ui-testing";
		};
/* End PBXNativeTarget section */

/* Begin PBXProject section */
		006C6730290AAEC900B499E5 /* Project object */ = {
			isa = PBXProject;
			attributes = {
				BuildIndependentTargetsInParallel = 1;
				LastSwiftUpdateCheck = 1400;
				LastUpgradeCheck = 1400;
				TargetAttributes = {
					006C6737290AAEC900B499E5 = {
						CreatedOnToolsVersion = 14.0.1;
					};
					006C6747290AAECA00B499E5 = {
						CreatedOnToolsVersion = 14.0.1;
						TestTargetID = 006C6737290AAEC900B499E5;
					};
					006C6751290AAECA00B499E5 = {
						CreatedOnToolsVersion = 14.0.1;
						TestTargetID = 006C6737290AAEC900B499E5;
					};
				};
			};
			buildConfigurationList = 006C6733290AAEC900B499E5 /* Build configuration list for PBXProject "MuneerahP" */;
			compatibilityVersion = "Xcode 14.0";
			developmentRegion = en;
			hasScannedForEncodings = 0;
			knownRegions = (
				en,
				Base,
			);
			mainGroup = 006C672F290AAEC900B499E5;
			productRefGroup = 006C6739290AAEC900B499E5 /* Products */;
			projectDirPath = "";
			projectRoot = "";
			targets = (
				006C6737290AAEC900B499E5 /* MuneerahP */,
				006C6747290AAECA00B499E5 /* MuneerahPTests */,
				006C6751290AAECA00B499E5 /* MuneerahPUITests */,
			);
		};
/* End PBXProject section */

/* Begin PBXResourcesBuildPhase section */
		006C6736290AAEC900B499E5 /* Resources */ = {
			isa = PBXResourcesBuildPhase;
			buildActionMask = 2147483647;
			files = (
				006C6743290AAEC900B499E5 /* Preview Assets.xcassets in Resources */,
				006C6740290AAEC900B499E5 /* Assets.xcassets in Resources */,
			);
			runOnlyForDeploymentPostprocessing = 0;
		};
		006C6746290AAECA00B499E5 /* Resources */ = {
			isa = PBXResourcesBuildPhase;
			buildActionMask = 2147483647;
			files = (
			);
			runOnlyForDeploymentPostprocessing = 0;
		};
		006C6750290AAECA00B499E5 /* Resources */ = {
			isa = PBXResourcesBuildPhase;
			buildActionMask = 2147483647;
			files = (
			);
			runOnlyForDeploymentPostprocessing = 0;
		};
/* End PBXResourcesBuildPhase section */

/* Begin PBXSourcesBuildPhase section */
		006C6734290AAEC900B499E5 /* Sources */ = {
			isa = PBXSourcesBuildPhase;
			buildActionMask = 2147483647;
			files = (
				006C673E290AAEC900B499E5 /* ContentView.swift in Sources */,
				006C673C290AAEC900B499E5 /* MuneerahPApp.swift in Sources */,
			);
			runOnlyForDeploymentPostprocessing = 0;
		};
		006C6744290AAECA00B499E5 /* Sources */ = {
			isa = PBXSourcesBuildPhase;
			buildActionMask = 2147483647;
			files = (
				006C674D290AAECA00B499E5 /* MuneerahPTests.swift in Sources */,
			);
			runOnlyForDeploymentPostprocessing = 0;
		};
		006C674E290AAECA00B499E5 /* Sources */ = {
			isa = PBXSourcesBuildPhase;
			buildActionMask = 2147483647;
			files = (
				006C6759290AAECA00B499E5 /* MuneerahPUITestsLaunchTests.swift in Sources */,
				006C6757290AAECA00B499E5 /* MuneerahPUITests.swift in Sources */,
			);
			runOnlyForDeploymentPostprocessing = 0;
		};
/* End PBXSourcesBuildPhase section */

/* Begin PBXTargetDependency section */
		006C674A290AAECA00B499E5 /* PBXTargetDependency */ = {
			isa = PBXTargetDependency;
			target = 006C6737290AAEC900B499E5 /* MuneerahP */;
			targetProxy = 006C6749290AAECA00B499E5 /* PBXContainerItemProxy */;
		};
		006C6754290AAECA00B499E5 /* PBXTargetDependency */ = {
			isa = PBXTargetDependency;
			target = 006C6737290AAEC900B499E5 /* MuneerahP */;
			targetProxy = 006C6753290AAECA00B499E5 /* PBXContainerItemProxy */;
		};
/* End PBXTargetDependency section */

/* Begin XCBuildConfiguration section */
		006C675A290AAECA00B499E5 /* Debug */ = {
			isa = XCBuildConfiguration;
			buildSettings = {
				ALWAYS_SEARCH_USER_PATHS = NO;
				CLANG_ANALYZER_NONNULL = YES;
				CLANG_ANALYZER_NUMBER_OBJECT_CONVERSION = YES_AGGRESSIVE;
				CLANG_CXX_LANGUAGE_STANDARD = "gnu++20";
				CLANG_ENABLE_MODULES = YES;
				CLANG_ENABLE_OBJC_ARC = YES;
				CLANG_ENABLE_OBJC_WEAK = YES;
				CLANG_WARN_BLOCK_CAPTURE_AUTORELEASING = YES;
				CLANG_WARN_BOOL_CONVERSION = YES;
				CLANG_WARN_COMMA = YES;
				CLANG_WARN_CONSTANT_CONVERSION = YES;
				CLANG_WARN_DEPRECATED_OBJC_IMPLEMENTATIONS = YES;
				CLANG_WARN_DIRECT_OBJC_ISA_USAGE = YES_ERROR;
				CLANG_WARN_DOCUMENTATION_COMMENTS = YES;
				CLANG_WARN_EMPTY_BODY = YES;
				CLANG_WARN_ENUM_CONVERSION = YES;
				CLANG_WARN_INFINITE_RECURSION = YES;
				CLANG_WARN_INT_CONVERSION = YES;
				CLANG_WARN_NON_LITERAL_NULL_CONVERSION = YES;
				CLANG_WARN_OBJC_IMPLICIT_RETAIN_SELF = YES;
				CLANG_WARN_OBJC_LITERAL_CONVERSION = YES;
				CLANG_WARN_OBJC_ROOT_CLASS = YES_ERROR;
				CLANG_WARN_QUOTED_INCLUDE_IN_FRAMEWORK_HEADER = YES;
				CLANG_WARN_RANGE_LOOP_ANALYSIS = YES;
				CLANG_WARN_STRICT_PROTOTYPES = YES;
				CLANG_WARN_SUSPICIOUS_MOVE = YES;
				CLANG_WARN_UNGUARDED_AVAILABILITY = YES_AGGRESSIVE;
				CLANG_WARN_UNREACHABLE_CODE = YES;
				CLANG_WARN__DUPLICATE_METHOD_MATCH = YES;
				COPY_PHASE_STRIP = NO;
				DEBUG_INFORMATION_FORMAT = dwarf;
				ENABLE_STRICT_OBJC_MSGSEND = YES;
				ENABLE_TESTABILITY = YES;
				GCC_C_LANGUAGE_STANDARD = gnu11;
				GCC_DYNAMIC_NO_PIC = NO;
				GCC_NO_COMMON_BLOCKS = YES;
				GCC_OPTIMIZATION_LEVEL = 0;
				GCC_PREPROCESSOR_DEFINITIONS = (
					"DEBUG=1",
					"$(inherited)",
				);
				GCC_WARN_64_TO_32_BIT_CONVERSION = YES;
				GCC_WARN_ABOUT_RETURN_TYPE = YES_ERROR;
				GCC_WARN_UNDECLARED_SELECTOR = YES;
				GCC_WARN_UNINITIALIZED_AUTOS = YES_AGGRESSIVE;
				GCC_WARN_UNUSED_FUNCTION = YES;
				GCC_WARN_UNUSED_VARIABLE = YES;
				IPHONEOS_DEPLOYMENT_TARGET = 16.0;
				MTL_ENABLE_DEBUG_INFO = INCLUDE_SOURCE;
				MTL_FAST_MATH = YES;
				ONLY_ACTIVE_ARCH = YES;
				SDKROOT = iphoneos;
				SWIFT_ACTIVE_COMPILATION_CONDITIONS = DEBUG;
				SWIFT_OPTIMIZATION_LEVEL = "-Onone";
			};
			name = Debug;
		};
		006C675B290AAECA00B499E5 /* Release */ = {
			isa = XCBuildConfiguration;
			buildSettings = {
				ALWAYS_SEARCH_USER_PATHS = NO;
				CLANG_ANALYZER_NONNULL = YES;
				CLANG_ANALYZER_NUMBER_OBJECT_CONVERSION = YES_AGGRESSIVE;
				CLANG_CXX_LANGUAGE_STANDARD = "gnu++20";
				CLANG_ENABLE_MODULES = YES;
				CLANG_ENABLE_OBJC_ARC = YES;
				CLANG_ENABLE_OBJC_WEAK = YES;
				CLANG_WARN_BLOCK_CAPTURE_AUTORELEASING = YES;
				CLANG_WARN_BOOL_CONVERSION = YES;
				CLANG_WARN_COMMA = YES;
				CLANG_WARN_CONSTANT_CONVERSION = YES;
				CLANG_WARN_DEPRECATED_OBJC_IMPLEMENTATIONS = YES;
				CLANG_WARN_DIRECT_OBJC_ISA_USAGE = YES_ERROR;
				CLANG_WARN_DOCUMENTATION_COMMENTS = YES;
				CLANG_WARN_EMPTY_BODY = YES;
				CLANG_WARN_ENUM_CONVERSION = YES;
				CLANG_WARN_INFINITE_RECURSION = YES;
				CLANG_WARN_INT_CONVERSION = YES;
				CLANG_WARN_NON_LITERAL_NULL_CONVERSION = YES;
				CLANG_WARN_OBJC_IMPLICIT_RETAIN_SELF = YES;
				CLANG_WARN_OBJC_LITERAL_CONVERSION = YES;
				CLANG_WARN_OBJC_ROOT_CLASS = YES_ERROR;
				CLANG_WARN_QUOTED_INCLUDE_IN_FRAMEWORK_HEADER = YES;
				CLANG_WARN_RANGE_LOOP_ANALYSIS = YES;
				CLANG_WARN_STRICT_PROTOTYPES = YES;
				CLANG_WARN_SUSPICIOUS_MOVE = YES;
				CLANG_WARN_UNGUARDED_AVAILABILITY = YES_AGGRESSIVE;
				CLANG_WARN_UNREACHABLE_CODE = YES;
				CLANG_WARN__DUPLICATE_METHOD_MATCH = YES;
				COPY_PHASE_STRIP = NO;
				DEBUG_INFORMATION_FORMAT = "dwarf-with-dsym";
				ENABLE_NS_ASSERTIONS = NO;
				ENABLE_STRICT_OBJC_MSGSEND = YES;
				GCC_C_LANGUAGE_STANDARD = gnu11;
				GCC_NO_COMMON_BLOCKS = YES;
				GCC_WARN_64_TO_32_BIT_CONVERSION = YES;
				GCC_WARN_ABOUT_RETURN_TYPE = YES_ERROR;
				GCC_WARN_UNDECLARED_SELECTOR = YES;
				GCC_WARN_UNINITIALIZED_AUTOS = YES_AGGRESSIVE;
				GCC_WARN_UNUSED_FUNCTION = YES;
				GCC_WARN_UNUSED_VARIABLE = YES;
				IPHONEOS_DEPLOYMENT_TARGET = 16.0;
				MTL_ENABLE_DEBUG_INFO = NO;
				MTL_FAST_MATH = YES;
				SDKROOT = iphoneos;
				SWIFT_COMPILATION_MODE = wholemodule;
				SWIFT_OPTIMIZATION_LEVEL = "-O";
				VALIDATE_PRODUCT = YES;
			};
			name = Release;
		};
		006C675D290AAECA00B499E5 /* Debug */ = {
			isa = XCBuildConfiguration;
			buildSettings = {
				ASSETCATALOG_COMPILER_APPICON_NAME = AppIcon;
				ASSETCATALOG_COMPILER_GLOBAL_ACCENT_COLOR_NAME = AccentColor;
				CODE_SIGN_STYLE = Automatic;
				CURRENT_PROJECT_VERSION = 1;
				DEVELOPMENT_ASSET_PATHS = "\"MuneerahP/Preview Content\"";
				ENABLE_PREVIEWS = YES;
				GENERATE_INFOPLIST_FILE = YES;
				INFOPLIST_KEY_UIApplicationSceneManifest_Generation = YES;
				INFOPLIST_KEY_UIApplicationSupportsIndirectInputEvents = YES;
				INFOPLIST_KEY_UILaunchScreen_Generation = YES;
				INFOPLIST_KEY_UISupportedInterfaceOrientations_iPad = "UIInterfaceOrientationPortrait UIInterfaceOrientationPortraitUpsideDown UIInterfaceOrientationLandscapeLeft UIInterfaceOrientationLandscapeRight";
				INFOPLIST_KEY_UISupportedInterfaceOrientations_iPhone = "UIInterfaceOrientationPortrait UIInterfaceOrientationLandscapeLeft UIInterfaceOrientationLandscapeRight";
				LD_RUNPATH_SEARCH_PATHS = (
					"$(inherited)",
					"@executable_path/Frameworks",
				);
				MARKETING_VERSION = 1.0;
				PRODUCT_BUNDLE_IDENTIFIER = Muneerah.MuneerahP;
				PRODUCT_NAME = "$(TARGET_NAME)";
				SWIFT_EMIT_LOC_STRINGS = YES;
				SWIFT_VERSION = 5.0;
				TARGETED_DEVICE_FAMILY = "1,2";
			};
			name = Debug;
		};
		006C675E290AAECA00B499E5 /* Release */ = {
			isa = XCBuildConfiguration;
			buildSettings = {
				ASSETCATALOG_COMPILER_APPICON_NAME = AppIcon;
				ASSETCATALOG_COMPILER_GLOBAL_ACCENT_COLOR_NAME = AccentColor;
				CODE_SIGN_STYLE = Automatic;
				CURRENT_PROJECT_VERSION = 1;
				DEVELOPMENT_ASSET_PATHS = "\"MuneerahP/Preview Content\"";
				ENABLE_PREVIEWS = YES;
				GENERATE_INFOPLIST_FILE = YES;
				INFOPLIST_KEY_UIApplicationSceneManifest_Generation = YES;
				INFOPLIST_KEY_UIApplicationSupportsIndirectInputEvents = YES;
				INFOPLIST_KEY_UILaunchScreen_Generation = YES;
				INFOPLIST_KEY_UISupportedInterfaceOrientations_iPad = "UIInterfaceOrientationPortrait UIInterfaceOrientationPortraitUpsideDown UIInterfaceOrientationLandscapeLeft UIInterfaceOrientationLandscapeRight";
				INFOPLIST_KEY_UISupportedInterfaceOrientations_iPhone = "UIInterfaceOrientationPortrait UIInterfaceOrientationLandscapeLeft UIInterfaceOrientationLandscapeRight";
				LD_RUNPATH_SEARCH_PATHS = (
					"$(inherited)",
					"@executable_path/Frameworks",
				);
				MARKETING_VERSION = 1.0;
				PRODUCT_BUNDLE_IDENTIFIER = Muneerah.MuneerahP;
				PRODUCT_NAME = "$(TARGET_NAME)";
				SWIFT_EMIT_LOC_STRINGS = YES;
				SWIFT_VERSION = 5.0;
				TARGETED_DEVICE_FAMILY = "1,2";
			};
			name = Release;
		};
		006C6760290AAECA00B499E5 /* Debug */ = {
			isa = XCBuildConfiguration;
			buildSettings = {
				ALWAYS_EMBED_SWIFT_STANDARD_LIBRARIES = YES;
				BUNDLE_LOADER = "$(TEST_HOST)";
				CODE_SIGN_STYLE = Automatic;
				CURRENT_PROJECT_VERSION = 1;
				GENERATE_INFOPLIST_FILE = YES;
				IPHONEOS_DEPLOYMENT_TARGET = 16.0;
				MARKETING_VERSION = 1.0;
				PRODUCT_BUNDLE_IDENTIFIER = Muneerah.MuneerahPTests;
				PRODUCT_NAME = "$(TARGET_NAME)";
				SWIFT_EMIT_LOC_STRINGS = NO;
				SWIFT_VERSION = 5.0;
				TARGETED_DEVICE_FAMILY = "1,2";
				TEST_HOST = "$(BUILT_PRODUCTS_DIR)/MuneerahP.app/$(BUNDLE_EXECUTABLE_FOLDER_PATH)/MuneerahP";
			};
			name = Debug;
		};
		006C6761290AAECA00B499E5 /* Release */ = {
			isa = XCBuildConfiguration;
			buildSettings = {
				ALWAYS_EMBED_SWIFT_STANDARD_LIBRARIES = YES;
				BUNDLE_LOADER = "$(TEST_HOST)";
				CODE_SIGN_STYLE = Automatic;
				CURRENT_PROJECT_VERSION = 1;
				GENERATE_INFOPLIST_FILE = YES;
				IPHONEOS_DEPLOYMENT_TARGET = 16.0;
				MARKETING_VERSION = 1.0;
				PRODUCT_BUNDLE_IDENTIFIER = Muneerah.MuneerahPTests;
				PRODUCT_NAME = "$(TARGET_NAME)";
				SWIFT_EMIT_LOC_STRINGS = NO;
				SWIFT_VERSION = 5.0;
				TARGETED_DEVICE_FAMILY = "1,2";
				TEST_HOST = "$(BUILT_PRODUCTS_DIR)/MuneerahP.app/$(BUNDLE_EXECUTABLE_FOLDER_PATH)/MuneerahP";
			};
			name = Release;
		};
		006C6763290AAECA00B499E5 /* Debug */ = {
			isa = XCBuildConfiguration;
			buildSettings = {
				ALWAYS_EMBED_SWIFT_STANDARD_LIBRARIES = YES;
				CODE_SIGN_STYLE = Automatic;
				CURRENT_PROJECT_VERSION = 1;
				GENERATE_INFOPLIST_FILE = YES;
				MARKETING_VERSION = 1.0;
				PRODUCT_BUNDLE_IDENTIFIER = Muneerah.MuneerahPUITests;
				PRODUCT_NAME = "$(TARGET_NAME)";
				SWIFT_EMIT_LOC_STRINGS = NO;
				SWIFT_VERSION = 5.0;
				TARGETED_DEVICE_FAMILY = "1,2";
				TEST_TARGET_NAME = MuneerahP;
			};
			name = Debug;
		};
		006C6764290AAECA00B499E5 /* Release */ = {
			isa = XCBuildConfiguration;
			buildSettings = {
				ALWAYS_EMBED_SWIFT_STANDARD_LIBRARIES = YES;
				CODE_SIGN_STYLE = Automatic;
				CURRENT_PROJECT_VERSION = 1;
				GENERATE_INFOPLIST_FILE = YES;
				MARKETING_VERSION = 1.0;
				PRODUCT_BUNDLE_IDENTIFIER = Muneerah.MuneerahPUITests;
				PRODUCT_NAME = "$(TARGET_NAME)";
				SWIFT_EMIT_LOC_STRINGS = NO;
				SWIFT_VERSION = 5.0;
				TARGETED_DEVICE_FAMILY = "1,2";
				TEST_TARGET_NAME = MuneerahP;
			};
			name = Release;
		};
/* End XCBuildConfiguration section */

/* Begin XCConfigurationList section */
		006C6733290AAEC900B499E5 /* Build configuration list for PBXProject "MuneerahP" */ = {
			isa = XCConfigurationList;
			buildConfigurations = (
				006C675A290AAECA00B499E5 /* Debug */,
				006C675B290AAECA00B499E5 /* Release */,
			);
			defaultConfigurationIsVisible = 0;
			defaultConfigurationName = Release;
		};
		006C675C290AAECA00B499E5 /* Build configuration list for PBXNativeTarget "MuneerahP" */ = {
			isa = XCConfigurationList;
			buildConfigurations = (
				006C675D290AAECA00B499E5 /* Debug */,
				006C675E290AAECA00B499E5 /* Release */,
			);
			defaultConfigurationIsVisible = 0;
			defaultConfigurationName = Release;
		};
		006C675F290AAECA00B499E5 /* Build configuration list for PBXNativeTarget "MuneerahPTests" */ = {
			isa = XCConfigurationList;
			buildConfigurations = (
				006C6760290AAECA00B499E5 /* Debug */,
				006C6761290AAECA00B499E5 /* Release */,
			);
			defaultConfigurationIsVisible = 0;
			defaultConfigurationName = Release;
		};
		006C6762290AAECA00B499E5 /* Build configuration list for PBXNativeTarget "MuneerahPUITests" */ = {
			isa = XCConfigurationList;
			buildConfigurations = (
				006C6763290AAECA00B499E5 /* Debug */,
				006C6764290AAECA00B499E5 /* Release */,
			);
			defaultConfigurationIsVisible = 0;
			defaultConfigurationName = Release;
		};
/* End XCConfigurationList section */
	};
	rootObject = 006C6730290AAEC900B499E5 /* Project object */;
}
